# THIS IS AN AUTOGENERATED FILE. DO NOT EDIT THIS FILE DIRECTLY.
# yarn lockfile v1


select2@~4.0.11:
  version "4.0.11"
  resolved "https://registry.yarnpkg.com/select2/-/select2-4.0.11.tgz#85c6243971947a798d96808ab608f75d5befa2d1"

uikit@~3.2.4:
  version "3.2.4"
  resolved "https://registry.yarnpkg.com/uikit/-/uikit-3.2.4.tgz#d2f92eb75606486e562a0a125633ce0e0575e63f"
